
Microsoft Visual Studio Solution File, Format Version 12.00
# Visual Studio Version 17
VisualStudioVersion = 17.0.31903.59
MinimumVisualStudioVersion = 10.0.40219.1
Project("{FAE04EC0-301F-11D3-BF4B-00C04F79EFBC}") = "API", "API\API.csproj", "{14187944-EB27-4F86-8D78-3A382AAEA352}"
EndProject
Project("{FAE04EC0-301F-11D3-BF4B-00C04F79EFBC}") = "Core", "Core\Core.csproj", "{DA45F11D-CC28-4059-850F-B35B1BF89478}"
EndProject
Project("{FAE04EC0-301F-11D3-BF4B-00C04F79EFBC}") = "Infrastructure", "Infrastructure\Infrastructure.csproj", "{C58295D7-B185-4BAF-8E8D-161BCD4542C2}"
EndProject
Global
	GlobalSection(SolutionConfigurationPlatforms) = preSolution
		Debug|Any CPU = Debug|Any CPU
		Debug|x64 = Debug|x64
		Debug|x86 = Debug|x86
		Release|Any CPU = Release|Any CPU
		Release|x64 = Release|x64
		Release|x86 = Release|x86
	EndGlobalSection
	GlobalSection(ProjectConfigurationPlatforms) = postSolution
		{14187944-EB27-4F86-8D78-3A382AAEA352}.Debug|Any CPU.ActiveCfg = Debug|Any CPU
		{14187944-EB27-4F86-8D78-3A382AAEA352}.Debug|Any CPU.Build.0 = Debug|Any CPU
		{14187944-EB27-4F86-8D78-3A382AAEA352}.Debug|x64.ActiveCfg = Debug|Any CPU
		{14187944-EB27-4F86-8D78-3A382AAEA352}.Debug|x64.Build.0 = Debug|Any CPU
		{14187944-EB27-4F86-8D78-3A382AAEA352}.Debug|x86.ActiveCfg = Debug|Any CPU
		{14187944-EB27-4F86-8D78-3A382AAEA352}.Debug|x86.Build.0 = Debug|Any CPU
		{14187944-EB27-4F86-8D78-3A382AAEA352}.Release|Any CPU.ActiveCfg = Release|Any CPU
		{14187944-EB27-4F86-8D78-3A382AAEA352}.Release|Any CPU.Build.0 = Release|Any CPU
		{14187944-EB27-4F86-8D78-3A382AAEA352}.Release|x64.ActiveCfg = Release|Any CPU
		{14187944-EB27-4F86-8D78-3A382AAEA352}.Release|x64.Build.0 = Release|Any CPU
		{14187944-EB27-4F86-8D78-3A382AAEA352}.Release|x86.ActiveCfg = Release|Any CPU
		{14187944-EB27-4F86-8D78-3A382AAEA352}.Release|x86.Build.0 = Release|Any CPU
		{DA45F11D-CC28-4059-850F-B35B1BF89478}.Debug|Any CPU.ActiveCfg = Debug|Any CPU
		{DA45F11D-CC28-4059-850F-B35B1BF89478}.Debug|Any CPU.Build.0 = Debug|Any CPU
		{DA45F11D-CC28-4059-850F-B35B1BF89478}.Debug|x64.ActiveCfg = Debug|Any CPU
		{DA45F11D-CC28-4059-850F-B35B1BF89478}.Debug|x64.Build.0 = Debug|Any CPU
		{DA45F11D-CC28-4059-850F-B35B1BF89478}.Debug|x86.ActiveCfg = Debug|Any CPU
		{DA45F11D-CC28-4059-850F-B35B1BF89478}.Debug|x86.Build.0 = Debug|Any CPU
		{DA45F11D-CC28-4059-850F-B35B1BF89478}.Release|Any CPU.ActiveCfg = Release|Any CPU
		{DA45F11D-CC28-4059-850F-B35B1BF89478}.Release|Any CPU.Build.0 = Release|Any CPU
		{DA45F11D-CC28-4059-850F-B35B1BF89478}.Release|x64.ActiveCfg = Release|Any CPU
		{DA45F11D-CC28-4059-850F-B35B1BF89478}.Release|x64.Build.0 = Release|Any CPU
		{DA45F11D-CC28-4059-850F-B35B1BF89478}.Release|x86.ActiveCfg = Release|Any CPU
		{DA45F11D-CC28-4059-850F-B35B1BF89478}.Release|x86.Build.0 = Release|Any CPU
		{C58295D7-B185-4BAF-8E8D-161BCD4542C2}.Debug|Any CPU.ActiveCfg = Debug|Any CPU
		{C58295D7-B185-4BAF-8E8D-161BCD4542C2}.Debug|Any CPU.Build.0 = Debug|Any CPU
		{C58295D7-B185-4BAF-8E8D-161BCD4542C2}.Debug|x64.ActiveCfg = Debug|Any CPU
		{C58295D7-B185-4BAF-8E8D-161BCD4542C2}.Debug|x64.Build.0 = Debug|Any CPU
		{C58295D7-B185-4BAF-8E8D-161BCD4542C2}.Debug|x86.ActiveCfg = Debug|Any CPU
		{C58295D7-B185-4BAF-8E8D-161BCD4542C2}.Debug|x86.Build.0 = Debug|Any CPU
		{C58295D7-B185-4BAF-8E8D-161BCD4542C2}.Release|Any CPU.ActiveCfg = Release|Any CPU
		{C58295D7-B185-4BAF-8E8D-161BCD4542C2}.Release|Any CPU.Build.0 = Release|Any CPU
		{C58295D7-B185-4BAF-8E8D-161BCD4542C2}.Release|x64.ActiveCfg = Release|Any CPU
		{C58295D7-B185-4BAF-8E8D-161BCD4542C2}.Release|x64.Build.0 = Release|Any CPU
		{C58295D7-B185-4BAF-8E8D-161BCD4542C2}.Release|x86.ActiveCfg = Release|Any CPU
		{C58295D7-B185-4BAF-8E8D-161BCD4542C2}.Release|x86.Build.0 = Release|Any CPU
	EndGlobalSection
	GlobalSection(SolutionProperties) = preSolution
		HideSolutionNode = FALSE
	EndGlobalSection
EndGlobal
